
Microsoft Visual Studio Solution File, Format Version 12.00
# Visual Studio Version 17
VisualStudioVersion = 17.2.32526.322
MinimumVisualStudioVersion = 10.0.40219.1
Project("{9A19103F-16F7-4668-BE54-9A1E7A4F7556}") = "SalesSystem.Core", "SalesSystem.Core\SalesSystem.Core.csproj", "{62CF0D75-AE6D-46FC-90BA-C83F8E64F23F}"
EndProject
Project("{9A19103F-16F7-4668-BE54-9A1E7A4F7556}") = "SalesSystem.Api", "SalesSystem.Api\SalesSystem.Api.csproj", "{F179D72B-BE20-4381-B068-2D2C58F7352E}"
EndProject
Project("{FAE04EC0-301F-11D3-BF4B-00C04F79EFBC}") = "SalesSystem.Application", "SalesSystem.Application\SalesSystem.Application.csproj", "{F2D70DF3-4E46-4C03-9760-41D5AF379724}"
EndProject
Global
	GlobalSection(SolutionConfigurationPlatforms) = preSolution
		Debug|Any CPU = Debug|Any CPU
		Release|Any CPU = Release|Any CPU
	EndGlobalSection
	GlobalSection(ProjectConfigurationPlatforms) = postSolution
		{62CF0D75-AE6D-46FC-90BA-C83F8E64F23F}.Debug|Any CPU.ActiveCfg = Debug|Any CPU
		{62CF0D75-AE6D-46FC-90BA-C83F8E64F23F}.Debug|Any CPU.Build.0 = Debug|Any CPU
		{62CF0D75-AE6D-46FC-90BA-C83F8E64F23F}.Release|Any CPU.ActiveCfg = Release|Any CPU
		{62CF0D75-AE6D-46FC-90BA-C83F8E64F23F}.Release|Any CPU.Build.0 = Release|Any CPU
		{F179D72B-BE20-4381-B068-2D2C58F7352E}.Debug|Any CPU.ActiveCfg = Debug|Any CPU
		{F179D72B-BE20-4381-B068-2D2C58F7352E}.Debug|Any CPU.Build.0 = Debug|Any CPU
		{F179D72B-BE20-4381-B068-2D2C58F7352E}.Release|Any CPU.ActiveCfg = Release|Any CPU
		{F179D72B-BE20-4381-B068-2D2C58F7352E}.Release|Any CPU.Build.0 = Release|Any CPU
		{F2D70DF3-4E46-4C03-9760-41D5AF379724}.Debug|Any CPU.ActiveCfg = Debug|Any CPU
		{F2D70DF3-4E46-4C03-9760-41D5AF379724}.Debug|Any CPU.Build.0 = Debug|Any CPU
		{F2D70DF3-4E46-4C03-9760-41D5AF379724}.Release|Any CPU.ActiveCfg = Release|Any CPU
		{F2D70DF3-4E46-4C03-9760-41D5AF379724}.Release|Any CPU.Build.0 = Release|Any CPU
	EndGlobalSection
	GlobalSection(SolutionProperties) = preSolution
		HideSolutionNode = FALSE
	EndGlobalSection
	GlobalSection(ExtensibilityGlobals) = postSolution
		SolutionGuid = {C85BA6A7-347F-4B20-B0EC-83FF0490E3A7}
	EndGlobalSection
EndGlobal
